
Microsoft Visual Studio Solution File, Format Version 12.00
# Visual Studio Version 17
VisualStudioVersion = 17.4.33110.190
MinimumVisualStudioVersion = 10.0.40219.1
Project("{9A19103F-16F7-4668-BE54-9A1E7A4F7556}") = "EmployeeApp", "EmployeeApp\EmployeeApp.csproj", "{1279752E-E4DA-450F-891D-566F1A212A78}"
	ProjectSection(ProjectDependencies) = postProject
		{343C4371-8C68-4A9B-8F96-703684CC5D59} = {343C4371-8C68-4A9B-8F96-703684CC5D59}
	EndProjectSection
EndProject
Project("{9A19103F-16F7-4668-BE54-9A1E7A4F7556}") = "UserInterface", "UserInterface\UserInterface.csproj", "{343C4371-8C68-4A9B-8F96-703684CC5D59}"
EndProject
Project("{FAE04EC0-301F-11D3-BF4B-00C04F79EFBC}") = "DBProvider", "DBProvider\DBProvider.csproj", "{49A991B2-F96B-4EF5-905C-681FCA77CD12}"
EndProject
Global
	GlobalSection(SolutionConfigurationPlatforms) = preSolution
		Debug|Any CPU = Debug|Any CPU
		Release|Any CPU = Release|Any CPU
	EndGlobalSection
	GlobalSection(ProjectConfigurationPlatforms) = postSolution
		{1279752E-E4DA-450F-891D-566F1A212A78}.Debug|Any CPU.ActiveCfg = Debug|Any CPU
		{1279752E-E4DA-450F-891D-566F1A212A78}.Debug|Any CPU.Build.0 = Debug|Any CPU
		{1279752E-E4DA-450F-891D-566F1A212A78}.Release|Any CPU.ActiveCfg = Release|Any CPU
		{1279752E-E4DA-450F-891D-566F1A212A78}.Release|Any CPU.Build.0 = Release|Any CPU
		{343C4371-8C68-4A9B-8F96-703684CC5D59}.Debug|Any CPU.ActiveCfg = Debug|Any CPU
		{343C4371-8C68-4A9B-8F96-703684CC5D59}.Debug|Any CPU.Build.0 = Debug|Any CPU
		{343C4371-8C68-4A9B-8F96-703684CC5D59}.Release|Any CPU.ActiveCfg = Release|Any CPU
		{343C4371-8C68-4A9B-8F96-703684CC5D59}.Release|Any CPU.Build.0 = Release|Any CPU
		{49A991B2-F96B-4EF5-905C-681FCA77CD12}.Debug|Any CPU.ActiveCfg = Debug|Any CPU
		{49A991B2-F96B-4EF5-905C-681FCA77CD12}.Debug|Any CPU.Build.0 = Debug|Any CPU
		{49A991B2-F96B-4EF5-905C-681FCA77CD12}.Release|Any CPU.ActiveCfg = Release|Any CPU
		{49A991B2-F96B-4EF5-905C-681FCA77CD12}.Release|Any CPU.Build.0 = Release|Any CPU
	EndGlobalSection
	GlobalSection(SolutionProperties) = preSolution
		HideSolutionNode = FALSE
	EndGlobalSection
	GlobalSection(ExtensibilityGlobals) = postSolution
		SolutionGuid = {C7F0EE88-6B55-4327-BC7B-3E02F39101BF}
	EndGlobalSection
EndGlobal
